// !$*UTF8*$!
{
	archiveVersion = 1;
	classes = {
	};
	objectVersion = 48;
	objects = {

/* Begin PBXBuildFile section */
		E1862E69212576AF008BD471 /* CollectionReusableView.swift in Sources */ = {isa = PBXBuildFile; fileRef = E1862E67212576AF008BD471 /* CollectionReusableView.swift */; };
		E1862E6A212576AF008BD471 /* CollectionReusableView.xib in Resources */ = {isa = PBXBuildFile; fileRef = E1862E68212576AF008BD471 /* CollectionReusableView.xib */; };
		E187DD4E2124549D006C3B85 /* MainVC+UICollectionViewDelegate.swift in Sources */ = {isa = PBXBuildFile; fileRef = E187DD4D2124549D006C3B85 /* MainVC+UICollectionViewDelegate.swift */; };
		E187DD5321247515006C3B85 /* CollectionViewCell.swift in Sources */ = {isa = PBXBuildFile; fileRef = E187DD5121247515006C3B85 /* CollectionViewCell.swift */; };
		E187DD5421247515006C3B85 /* CollectionViewCell.xib in Resources */ = {isa = PBXBuildFile; fileRef = E187DD5221247515006C3B85 /* CollectionViewCell.xib */; };
		E1A11B702122B9E50034FE9B /* VerdanaPro-Bold.ttf in Resources */ = {isa = PBXBuildFile; fileRef = E1A11B6F2122B99A0034FE9B /* VerdanaPro-Bold.ttf */; };
		E1A11B712122B9E80034FE9B /* VerdanaPro-SemiBold.ttf in Resources */ = {isa = PBXBuildFile; fileRef = E1A11B6E2122B9800034FE9B /* VerdanaPro-SemiBold.ttf */; };
		E1A11B722122B9EC0034FE9B /* VerdanaPro-Regular.ttf in Resources */ = {isa = PBXBuildFile; fileRef = E1A11B6D2122B9770034FE9B /* VerdanaPro-Regular.ttf */; };
		E1A794F0211D6EF600998A32 /* AppDelegate.swift in Sources */ = {isa = PBXBuildFile; fileRef = E1A794EF211D6EF600998A32 /* AppDelegate.swift */; };
		E1A794F7211D6EF600998A32 /* Assets.xcassets in Resources */ = {isa = PBXBuildFile; fileRef = E1A794F6211D6EF600998A32 /* Assets.xcassets */; };
		E1A79505211D705A00998A32 /* MainVC.swift in Sources */ = {isa = PBXBuildFile; fileRef = E1A79503211D705A00998A32 /* MainVC.swift */; };
		E1A79506211D705A00998A32 /* MainVC.xib in Resources */ = {isa = PBXBuildFile; fileRef = E1A79504211D705A00998A32 /* MainVC.xib */; };
/* End PBXBuildFile section */

/* Begin PBXFileReference section */
		E1862E67212576AF008BD471 /* CollectionReusableView.swift */ = {isa = PBXFileReference; lastKnownFileType = sourcecode.swift; path = CollectionReusableView.swift; sourceTree = "<group>"; };
		E1862E68212576AF008BD471 /* CollectionReusableView.xib */ = {isa = PBXFileReference; lastKnownFileType = file.xib; path = CollectionReusableView.xib; sourceTree = "<group>"; };
		E187DD4D2124549D006C3B85 /* MainVC+UICollectionViewDelegate.swift */ = {isa = PBXFileReference; lastKnownFileType = sourcecode.swift; path = "MainVC+UICollectionViewDelegate.swift"; sourceTree = "<group>"; };
		E187DD5121247515006C3B85 /* CollectionViewCell.swift */ = {isa = PBXFileReference; lastKnownFileType = sourcecode.swift; path = CollectionViewCell.swift; sourceTree = "<group>"; };
		E187DD5221247515006C3B85 /* CollectionViewCell.xib */ = {isa = PBXFileReference; lastKnownFileType = file.xib; path = CollectionViewCell.xib; sourceTree = "<group>"; };
		E1A11B6D2122B9770034FE9B /* VerdanaPro-Regular.ttf */ = {isa = PBXFileReference; lastKnownFileType = file; path = "VerdanaPro-Regular.ttf"; sourceTree = "<group>"; };
		E1A11B6E2122B9800034FE9B /* VerdanaPro-SemiBold.ttf */ = {isa = PBXFileReference; lastKnownFileType = file; path = "VerdanaPro-SemiBold.ttf"; sourceTree = "<group>"; };
		E1A11B6F2122B99A0034FE9B /* VerdanaPro-Bold.ttf */ = {isa = PBXFileReference; lastKnownFileType = file; path = "VerdanaPro-Bold.ttf"; sourceTree = "<group>"; };
		E1A794EC211D6EF500998A32 /* Classroom.app */ = {isa = PBXFileReference; explicitFileType = wrapper.application; includeInIndex = 0; path = Classroom.app; sourceTree = BUILT_PRODUCTS_DIR; };
		E1A794EF211D6EF600998A32 /* AppDelegate.swift */ = {isa = PBXFileReference; lastKnownFileType = sourcecode.swift; path = AppDelegate.swift; sourceTree = "<group>"; };
		E1A794F6211D6EF600998A32 /* Assets.xcassets */ = {isa = PBXFileReference; lastKnownFileType = folder.assetcatalog; path = Assets.xcassets; sourceTree = "<group>"; };
		E1A794FB211D6EF600998A32 /* Info.plist */ = {isa = PBXFileReference; lastKnownFileType = text.plist.xml; path = Info.plist; sourceTree = "<group>"; };
		E1A79503211D705A00998A32 /* MainVC.swift */ = {isa = PBXFileReference; lastKnownFileType = sourcecode.swift; path = MainVC.swift; sourceTree = "<group>"; };
		E1A79504211D705A00998A32 /* MainVC.xib */ = {isa = PBXFileReference; lastKnownFileType = file.xib; path = MainVC.xib; sourceTree = "<group>"; };
/* End PBXFileReference section */

/* Begin PBXFrameworksBuildPhase section */
		E1A794E9211D6EF500998A32 /* Frameworks */ = {
			isa = PBXFrameworksBuildPhase;
			buildActionMask = 2147483647;
			files = (
			);
			runOnlyForDeploymentPostprocessing = 0;
		};
/* End PBXFrameworksBuildPhase section */

/* Begin PBXGroup section */
		E1862E6621257693008BD471 /* CollectionReusibleView */ = {
			isa = PBXGroup;
			children = (
				E1862E67212576AF008BD471 /* CollectionReusableView.swift */,
				E1862E68212576AF008BD471 /* CollectionReusableView.xib */,
			);
			path = CollectionReusibleView;
			sourceTree = "<group>";
		};
		E187DD4F212454B0006C3B85 /* Views */ = {
			isa = PBXGroup;
			children = (
				E1862E6621257693008BD471 /* CollectionReusibleView */,
				E187DD50212454B9006C3B85 /* CollectionViewCell */,
			);
			path = Views;
			sourceTree = "<group>";
		};
		E187DD50212454B9006C3B85 /* CollectionViewCell */ = {
			isa = PBXGroup;
			children = (
				E187DD5121247515006C3B85 /* CollectionViewCell.swift */,
				E187DD5221247515006C3B85 /* CollectionViewCell.xib */,
			);
			path = CollectionViewCell;
			sourceTree = "<group>";
		};
		E1A11B6C2122B9650034FE9B /* Fonts */ = {
			isa = PBXGroup;
			children = (
				E1A11B6F2122B99A0034FE9B /* VerdanaPro-Bold.ttf */,
				E1A11B6E2122B9800034FE9B /* VerdanaPro-SemiBold.ttf */,
				E1A11B6D2122B9770034FE9B /* VerdanaPro-Regular.ttf */,
			);
			path = Fonts;
			sourceTree = "<group>";
		};
		E1A794E3211D6EF500998A32 = {
			isa = PBXGroup;
			children = (
				E1A794EE211D6EF500998A32 /* Classroom */,
				E1A794ED211D6EF500998A32 /* Products */,
			);
			sourceTree = "<group>";
		};
		E1A794ED211D6EF500998A32 /* Products */ = {
			isa = PBXGroup;
			children = (
				E1A794EC211D6EF500998A32 /* Classroom.app */,
			);
			name = Products;
			sourceTree = "<group>";
		};
		E1A794EE211D6EF500998A32 /* Classroom */ = {
			isa = PBXGroup;
			children = (
				E1A794EF211D6EF600998A32 /* AppDelegate.swift */,
				E187DD4F212454B0006C3B85 /* Views */,
				E1A79501211D704300998A32 /* Controllers */,
				E1A11B6C2122B9650034FE9B /* Fonts */,
				E1A794F6211D6EF600998A32 /* Assets.xcassets */,
				E1A794FB211D6EF600998A32 /* Info.plist */,
			);
			path = Classroom;
			sourceTree = "<group>";
		};
		E1A79501211D704300998A32 /* Controllers */ = {
			isa = PBXGroup;
			children = (
				E1A79502211D704800998A32 /* MainVC */,
			);
			path = Controllers;
			sourceTree = "<group>";
		};
		E1A79502211D704800998A32 /* MainVC */ = {
			isa = PBXGroup;
			children = (
				E1A79503211D705A00998A32 /* MainVC.swift */,
				E1A79504211D705A00998A32 /* MainVC.xib */,
				E187DD4D2124549D006C3B85 /* MainVC+UICollectionViewDelegate.swift */,
			);
			path = MainVC;
			sourceTree = "<group>";
		};
/* End PBXGroup section */

/* Begin PBXNativeTarget section */
		E1A794EB211D6EF500998A32 /* Classroom */ = {
			isa = PBXNativeTarget;
			buildConfigurationList = E1A794FE211D6EF600998A32 /* Build configuration list for PBXNativeTarget "Classroom" */;
			buildPhases = (
				E1A794E8211D6EF500998A32 /* Sources */,
				E1A794E9211D6EF500998A32 /* Frameworks */,
				E1A794EA211D6EF500998A32 /* Resources */,
			);
			buildRules = (
			);
			dependencies = (
			);
			name = Classroom;
			productName = Classroom;
			productReference = E1A794EC211D6EF500998A32 /* Classroom.app */;
			productType = "com.apple.product-type.application";
		};
/* End PBXNativeTarget section */

/* Begin PBXProject section */
		E1A794E4211D6EF500998A32 /* Project object */ = {
			isa = PBXProject;
			attributes = {
				LastSwiftUpdateCheck = 0920;
				LastUpgradeCheck = 0920;
				ORGANIZATIONNAME = Zigzag;
				TargetAttributes = {
					E1A794EB211D6EF500998A32 = {
						CreatedOnToolsVersion = 9.2;
						ProvisioningStyle = Automatic;
					};
				};
			};
			buildConfigurationList = E1A794E7211D6EF500998A32 /* Build configuration list for PBXProject "Classroom" */;
			compatibilityVersion = "Xcode 8.0";
			developmentRegion = en;
			hasScannedForEncodings = 0;
			knownRegions = (
				en,
				Base,
			);
			mainGroup = E1A794E3211D6EF500998A32;
			productRefGroup = E1A794ED211D6EF500998A32 /* Products */;
			projectDirPath = "";
			projectRoot = "";
			targets = (
				E1A794EB211D6EF500998A32 /* Classroom */,
			);
		};
/* End PBXProject section */

/* Begin PBXResourcesBuildPhase section */
		E1A794EA211D6EF500998A32 /* Resources */ = {
			isa = PBXResourcesBuildPhase;
			buildActionMask = 2147483647;
			files = (
				E1A11B702122B9E50034FE9B /* VerdanaPro-Bold.ttf in Resources */,
				E1862E6A212576AF008BD471 /* CollectionReusableView.xib in Resources */,
				E1A11B712122B9E80034FE9B /* VerdanaPro-SemiBold.ttf in Resources */,
				E187DD5421247515006C3B85 /* CollectionViewCell.xib in Resources */,
				E1A794F7211D6EF600998A32 /* Assets.xcassets in Resources */,
				E1A79506211D705A00998A32 /* MainVC.xib in Resources */,
				E1A11B722122B9EC0034FE9B /* VerdanaPro-Regular.ttf in Resources */,
			);
			runOnlyForDeploymentPostprocessing = 0;
		};
/* End PBXResourcesBuildPhase section */

/* Begin PBXSourcesBuildPhase section */
		E1A794E8211D6EF500998A32 /* Sources */ = {
			isa = PBXSourcesBuildPhase;
			buildActionMask = 2147483647;
			files = (
				E1A794F0211D6EF600998A32 /* AppDelegate.swift in Sources */,
				E187DD4E2124549D006C3B85 /* MainVC+UICollectionViewDelegate.swift in Sources */,
				E187DD5321247515006C3B85 /* CollectionViewCell.swift in Sources */,
				E1862E69212576AF008BD471 /* CollectionReusableView.swift in Sources */,
				E1A79505211D705A00998A32 /* MainVC.swift in Sources */,
			);
			runOnlyForDeploymentPostprocessing = 0;
		};
/* End PBXSourcesBuildPhase section */

/* Begin XCBuildConfiguration section */
		E1A794FC211D6EF600998A32 /* Debug */ = {
			isa = XCBuildConfiguration;
			buildSettings = {
				ALWAYS_SEARCH_USER_PATHS = NO;
				CLANG_ANALYZER_NONNULL = YES;
				CLANG_ANALYZER_NUMBER_OBJECT_CONVERSION = YES_AGGRESSIVE;
				CLANG_CXX_LANGUAGE_STANDARD = "gnu++14";
				CLANG_CXX_LIBRARY = "libc++";
				CLANG_ENABLE_MODULES = YES;
				CLANG_ENABLE_OBJC_ARC = YES;
				CLANG_WARN_BLOCK_CAPTURE_AUTORELEASING = YES;
				CLANG_WARN_BOOL_CONVERSION = YES;
				CLANG_WARN_COMMA = YES;
				CLANG_WARN_CONSTANT_CONVERSION = YES;
				CLANG_WARN_DIRECT_OBJC_ISA_USAGE = YES_ERROR;
				CLANG_WARN_DOCUMENTATION_COMMENTS = YES;
				CLANG_WARN_EMPTY_BODY = YES;
				CLANG_WARN_ENUM_CONVERSION = YES;
				CLANG_WARN_INFINITE_RECURSION = YES;
				CLANG_WARN_INT_CONVERSION = YES;
				CLANG_WARN_NON_LITERAL_NULL_CONVERSION = YES;
				CLANG_WARN_OBJC_LITERAL_CONVERSION = YES;
				CLANG_WARN_OBJC_ROOT_CLASS = YES_ERROR;
				CLANG_WARN_RANGE_LOOP_ANALYSIS = YES;
				CLANG_WARN_STRICT_PROTOTYPES = YES;
				CLANG_WARN_SUSPICIOUS_MOVE = YES;
				CLANG_WARN_UNGUARDED_AVAILABILITY = YES_AGGRESSIVE;
				CLANG_WARN_UNREACHABLE_CODE = YES;
				CLANG_WARN__DUPLICATE_METHOD_MATCH = YES;
				CODE_SIGN_IDENTITY = "iPhone Developer";
				COPY_PHASE_STRIP = NO;
				DEBUG_INFORMATION_FORMAT = dwarf;
				ENABLE_STRICT_OBJC_MSGSEND = YES;
				ENABLE_TESTABILITY = YES;
				GCC_C_LANGUAGE_STANDARD = gnu11;
				GCC_DYNAMIC_NO_PIC = NO;
				GCC_NO_COMMON_BLOCKS = YES;
				GCC_OPTIMIZATION_LEVEL = 0;
				GCC_PREPROCESSOR_DEFINITIONS = (
					"DEBUG=1",
					"$(inherited)",
				);
				GCC_WARN_64_TO_32_BIT_CONVERSION = YES;
				GCC_WARN_ABOUT_RETURN_TYPE = YES_ERROR;
				GCC_WARN_UNDECLARED_SELECTOR = YES;
				GCC_WARN_UNINITIALIZED_AUTOS = YES_AGGRESSIVE;
				GCC_WARN_UNUSED_FUNCTION = YES;
				GCC_WARN_UNUSED_VARIABLE = YES;
				IPHONEOS_DEPLOYMENT_TARGET = 11.2;
				MTL_ENABLE_DEBUG_INFO = YES;
				ONLY_ACTIVE_ARCH = YES;
				SDKROOT = iphoneos;
				SWIFT_ACTIVE_COMPILATION_CONDITIONS = DEBUG;
				SWIFT_OPTIMIZATION_LEVEL = "-Onone";
			};
			name = Debug;
		};
		E1A794FD211D6EF600998A32 /* Release */ = {
			isa = XCBuildConfiguration;
			buildSettings = {
				ALWAYS_SEARCH_USER_PATHS = NO;
				CLANG_ANALYZER_NONNULL = YES;
				CLANG_ANALYZER_NUMBER_OBJECT_CONVERSION = YES_AGGRESSIVE;
				CLANG_CXX_LANGUAGE_STANDARD = "gnu++14";
				CLANG_CXX_LIBRARY = "libc++";
				CLANG_ENABLE_MODULES = YES;
				CLANG_ENABLE_OBJC_ARC = YES;
				CLANG_WARN_BLOCK_CAPTURE_AUTORELEASING = YES;
				CLANG_WARN_BOOL_CONVERSION = YES;
				CLANG_WARN_COMMA = YES;
				CLANG_WARN_CONSTANT_CONVERSION = YES;
				CLANG_WARN_DIRECT_OBJC_ISA_USAGE = YES_ERROR;
				CLANG_WARN_DOCUMENTATION_COMMENTS = YES;
				CLANG_WARN_EMPTY_BODY = YES;
				CLANG_WARN_ENUM_CONVERSION = YES;
				CLANG_WARN_INFINITE_RECURSION = YES;
				CLANG_WARN_INT_CONVERSION = YES;
				CLANG_WARN_NON_LITERAL_NULL_CONVERSION = YES;
				CLANG_WARN_OBJC_LITERAL_CONVERSION = YES;
				CLANG_WARN_OBJC_ROOT_CLASS = YES_ERROR;
				CLANG_WARN_RANGE_LOOP_ANALYSIS = YES;
				CLANG_WARN_STRICT_PROTOTYPES = YES;
				CLANG_WARN_SUSPICIOUS_MOVE = YES;
				CLANG_WARN_UNGUARDED_AVAILABILITY = YES_AGGRESSIVE;
				CLANG_WARN_UNREACHABLE_CODE = YES;
				CLANG_WARN__DUPLICATE_METHOD_MATCH = YES;
				CODE_SIGN_IDENTITY = "iPhone Developer";
				COPY_PHASE_STRIP = NO;
				DEBUG_INFORMATION_FORMAT = "dwarf-with-dsym";
				ENABLE_NS_ASSERTIONS = NO;
				ENABLE_STRICT_OBJC_MSGSEND = YES;
				GCC_C_LANGUAGE_STANDARD = gnu11;
				GCC_NO_COMMON_BLOCKS = YES;
				GCC_WARN_64_TO_32_BIT_CONVERSION = YES;
				GCC_WARN_ABOUT_RETURN_TYPE = YES_ERROR;
				GCC_WARN_UNDECLARED_SELECTOR = YES;
				GCC_WARN_UNINITIALIZED_AUTOS = YES_AGGRESSIVE;
				GCC_WARN_UNUSED_FUNCTION = YES;
				GCC_WARN_UNUSED_VARIABLE = YES;
				IPHONEOS_DEPLOYMENT_TARGET = 11.2;
				MTL_ENABLE_DEBUG_INFO = NO;
				SDKROOT = iphoneos;
				SWIFT_OPTIMIZATION_LEVEL = "-Owholemodule";
				VALIDATE_PRODUCT = YES;
			};
			name = Release;
		};
		E1A794FF211D6EF600998A32 /* Debug */ = {
			isa = XCBuildConfiguration;
			buildSettings = {
				ASSETCATALOG_COMPILER_APPICON_NAME = AppIcon;
				CODE_SIGN_STYLE = Automatic;
				INFOPLIST_FILE = Classroom/Info.plist;
				LD_RUNPATH_SEARCH_PATHS = "$(inherited) @executable_path/Frameworks";
				PRODUCT_BUNDLE_IDENTIFIER = "Zigzag-.Classroom";
				PRODUCT_NAME = "$(TARGET_NAME)";
				SWIFT_VERSION = 4.0;
				TARGETED_DEVICE_FAMILY = "1,2";
			};
			name = Debug;
		};
		E1A79500211D6EF600998A32 /* Release */ = {
			isa = XCBuildConfiguration;
			buildSettings = {
				ASSETCATALOG_COMPILER_APPICON_NAME = AppIcon;
				CODE_SIGN_STYLE = Automatic;
				INFOPLIST_FILE = Classroom/Info.plist;
				LD_RUNPATH_SEARCH_PATHS = "$(inherited) @executable_path/Frameworks";
				PRODUCT_BUNDLE_IDENTIFIER = "Zigzag-.Classroom";
				PRODUCT_NAME = "$(TARGET_NAME)";
				SWIFT_VERSION = 4.0;
				TARGETED_DEVICE_FAMILY = "1,2";
			};
			name = Release;
		};
/* End XCBuildConfiguration section */

/* Begin XCConfigurationList section */
		E1A794E7211D6EF500998A32 /* Build configuration list for PBXProject "Classroom" */ = {
			isa = XCConfigurationList;
			buildConfigurations = (
				E1A794FC211D6EF600998A32 /* Debug */,
				E1A794FD211D6EF600998A32 /* Release */,
			);
			defaultConfigurationIsVisible = 0;
			defaultConfigurationName = Release;
		};
		E1A794FE211D6EF600998A32 /* Build configuration list for PBXNativeTarget "Classroom" */ = {
			isa = XCConfigurationList;
			buildConfigurations = (
				E1A794FF211D6EF600998A32 /* Debug */,
				E1A79500211D6EF600998A32 /* Release */,
			);
			defaultConfigurationIsVisible = 0;
			defaultConfigurationName = Release;
		};
/* End XCConfigurationList section */
	};
	rootObject = E1A794E4211D6EF500998A32 /* Project object */;
}
